
Microsoft Visual Studio Solution File, Format Version 12.00
Project("{FAE04EC0-301F-11D3-BF4B-00C04F79EFBC}") = "BookTrader.Data", "BookTrader.Data\BookTrader.Data.csproj", "{7997EBFE-1823-4C7F-AAEB-F776F86DF2D0}"
EndProject
Project("{FAE04EC0-301F-11D3-BF4B-00C04F79EFBC}") = "BookTrader.Test", "BookTrader.Test\BookTrader.Test.csproj", "{BAE980E7-E8A7-41F9-935F-6A73142E089B}"
EndProject
Project("{FAE04EC0-301F-11D3-BF4B-00C04F79EFBC}") = "BookTrader.Web", "BookTrader.Web\BookTrader.Web.csproj", "{9701B8D2-39AC-486A-85B1-22D6484B069B}"
EndProject
Global
	GlobalSection(SolutionConfigurationPlatforms) = preSolution
		Debug|Any CPU = Debug|Any CPU
		Release|Any CPU = Release|Any CPU
	EndGlobalSection
	GlobalSection(ProjectConfigurationPlatforms) = postSolution
		{7997EBFE-1823-4C7F-AAEB-F776F86DF2D0}.Debug|Any CPU.ActiveCfg = Debug|Any CPU
		{7997EBFE-1823-4C7F-AAEB-F776F86DF2D0}.Debug|Any CPU.Build.0 = Debug|Any CPU
		{7997EBFE-1823-4C7F-AAEB-F776F86DF2D0}.Release|Any CPU.ActiveCfg = Release|Any CPU
		{7997EBFE-1823-4C7F-AAEB-F776F86DF2D0}.Release|Any CPU.Build.0 = Release|Any CPU
		{BAE980E7-E8A7-41F9-935F-6A73142E089B}.Debug|Any CPU.ActiveCfg = Debug|Any CPU
		{BAE980E7-E8A7-41F9-935F-6A73142E089B}.Debug|Any CPU.Build.0 = Debug|Any CPU
		{BAE980E7-E8A7-41F9-935F-6A73142E089B}.Release|Any CPU.ActiveCfg = Release|Any CPU
		{BAE980E7-E8A7-41F9-935F-6A73142E089B}.Release|Any CPU.Build.0 = Release|Any CPU
		{9701B8D2-39AC-486A-85B1-22D6484B069B}.Debug|Any CPU.ActiveCfg = Debug|Any CPU
		{9701B8D2-39AC-486A-85B1-22D6484B069B}.Debug|Any CPU.Build.0 = Debug|Any CPU
		{9701B8D2-39AC-486A-85B1-22D6484B069B}.Release|Any CPU.ActiveCfg = Release|Any CPU
		{9701B8D2-39AC-486A-85B1-22D6484B069B}.Release|Any CPU.Build.0 = Release|Any CPU
	EndGlobalSection
EndGlobal
